# This file is automatically @generated by Cargo.
# It is not intended for manual editing.
[[package]]
name = "bitflags"
version = "1.2.1"
source = "registry+https://github.com/rust-lang/crates.io-index"
checksum = "cf1de2fe8c75bc145a2f577add951f8134889b4795d47466a54a5c846d691693"

[[package]]
name = "ramfs"
version = "0.1.0"
dependencies = [
 "redox_syscall",
]

[[package]]
name = "redox_syscall"
version = "0.1.56"
source = "git+https://gitlab.redox-os.org/redox-os/syscall.git#8d0015be8693a81c2a4459f3c09fb47b98ff07b1"
dependencies = [
 "bitflags",
]
